lockfileVersion: '9.0'

settings:
  autoInstallPeers: true
  excludeLinksFromLockfile: false

importers:

  .:
    dependencies:
      '@aws-sdk/client-s3':
        specifier: ^3.1017.0
        version: 3.1101.0
      '@aws-sdk/lib-storage':
        specifier: 3.1017.0
        version: 3.1017.0(@aws-sdk/client-s3@3.1101.0)
      '@aws-sdk/s3-request-presigner':
        specifier: ^3.1017.0
        version: 3.1101.0
      '@google-cloud/storage':
        specifier: ^7.7.0
        version: 7.21.0
      uuid:
        specifier: ^11.1.1
        version: 11.1.1
    devDependencies:
      '@types/node':
        specifier: ^20.0.0
        version: 20.19.43
      '@types/uuid':
        specifier: ^9.0.0
        version: 9.0.8
      typescript:
        specifier: ^5.3.0
        version: 5.9.3

packages:

  '@aws-sdk/checksums@3.1000.24':
    resolution: {integrity: sha512-7TWLjypP8kk3savsDBRuhZJx7mBuFFA2136BQhwwLllsAnO4Tmq/p+SXZaNxbuulkzUFz3BZzj0bb4YzexZcNQ==}
    engines: {node: '>=20.0.0'}

  '@aws-sdk/client-s3@3.1101.0':
    resolution: {integrity: sha512-16EFb1aTEBgPcfUAWAjjlB57IZCyn7B3rlfT+xqE7M6WoH8AMMU3vFZO0UOitwh/xvvzVx73YED1/n0PU4qBMw==}
    engines: {node: '>=20.0.0'}

  '@aws-sdk/core@3.977.4':
    resolution: {integrity: sha512-CEkcQlMOQJCvul60U7wdAOACjtdgFWDsfJI+6wUOGdhGNV2lGbuJpi/R50QLpFG3Tp+sQxa/RmzC3X7KHbhuTA==}
    engines: {node: '>=20.0.0'}

  '@aws-sdk/credential-provider-env@3.972.65':
    resolution: {integrity: sha512-lJT2aRw9wCV8jPHyFJjdZLD4HTydL6/22AnCSOB8e/LqOc55nEJGLHkJQeSxhn8QiqyjFwPKQFtMw0ovjRUY/g==}
    engines: {node: '>=20.0.0'}

  '@aws-sdk/credential-provider-http@3.972.67':
    resolution: {integrity: sha512-N7fw/15hSwI/CPxe5ohOyb7O4ge9f5me1gVIn8OIkBRB0squ8OJqQyDyH/HoL+Sb1W5xdC88jVC+bHkw73iu+Q==}
    engines: {node: '>=20.0.0'}

  '@aws-sdk/credential-provider-ini@3.973.10':
    resolution: {integrity: sha512-Zh9XRaPnDN9buO7GfWBubS22R6Nq5D6hbyYEMN05LiOnXugm/8WDjUx6y756bSPbdn3aJB2qG4zFW3bN82QhoQ==}
    engines: {node: '>=20.0.0'}

  '@aws-sdk/credential-provider-login@3.972.72':
    resolution: {integrity: sha512-zZapIKwaHp7TdTf9hbH1I3CVUdEupmt7FXO/BoTQGC+4h6NkXKWpqF2p5WyfpjurDLHCpSyh+BzMlAg8arqWLA==}
    engines: {node: '>=20.0.0'}

  '@aws-sdk/credential-provider-node@3.972.76':
    resolution: {integrity: sha512-1yzLmRiYSgGC25v7ZZEwJn/auhHHTIHgFOmzL2f36hf1+7jSLcX+1QrAz4760WEzPiiQl8xmlpFhHfl2OoyVzA==}
    engines: {node: '>=20.0.0'}

  '@aws-sdk/credential-provider-process@3.972.65':
    resolution: {integrity: sha512-e5DbbNteOSalN58U83G6kFa4ECLEuGbGqNBHIXE7zYXA/m4GHblIGjFbSH7wYv6gBV8iNSDcRZBKfQZF5vF9nw==}
    engines: {node: '>=20.0.0'}

  '@aws-sdk/credential-provider-sso@3.973.9':
    resolution: {integrity: sha512-0V0u4t+KBku9fbh5CPCaC5hUWwSzDafp8nCuDy817zWbp2gz80jO44rMQkiwnZ+k54B+tjAtzRy00DJRGTKGBg==}
    engines: {node: '>=20.0.0'}

  '@aws-sdk/credential-provider-web-identity@3.972.71':
    resolution: {integrity: sha512-e4dwiRltGAaQ+2yxw57Hj0l/BF3BHiG14+QpYE7bGYBlpAq/fkIri2BDhjWon8c0mhhtd2txQBAkQb9BcTStFg==}
    engines: {node: '>=20.0.0'}

  '@aws-sdk/lib-storage@3.1017.0':
    resolution: {integrity: sha512-sWUsr3c46WWZxmBAFSYpI+Gr8tFhP+L3h4XmXZxAyWimHpIeW5+A4wR9SAYohBL/+pPMlN9PEYj3H+KfsYCAyA==}
    engines: {node: '>=20.0.0'}
    peerDependencies:
      '@aws-sdk/client-s3': ^3.1017.0

  '@aws-sdk/middleware-sdk-s3@3.972.70':
    resolution: {integrity: sha512-APdP0iODt39AkjCjzTFIoFrxDH/Cz3CpWRDKLcsJg7eOnfE1htkxL9BhDoe/xL7cXdoMwh2HBYv3DiT1uf64NQ==}
    engines: {node: '>=20.0.0'}

  '@aws-sdk/nested-clients@3.997.39':
    resolution: {integrity: sha512-wU5NPnj62Sb7A8xn/Zb+xThe05P3otNtDl37iOIi5DDMeCesNeCckaG+eXWGUs12Z9R34I8CD05TaTe6SIa61g==}
    engines: {node: '>=20.0.0'}

  '@aws-sdk/s3-request-presigner@3.1101.0':
    resolution: {integrity: sha512-2raRfiex9qYrdQ60ATeEmOVVC7Do2GEDGSTnoPbgv+xyN3oB48tZeREVw0brI7AlRRvm9fygXTHmyRR0I/LskA==}
    engines: {node: '>=20.0.0'}

  '@aws-sdk/signature-v4-multi-region@3.996.43':
    resolution: {integrity: sha512-lKekx8bLBXSv4O+cslk9Zfnw2XKSkWBs3uWL5QGhH2ZAQfNS7FE0vcSSN2vD/AhxX54ZTywWxR4STThoeOXlBA==}
    engines: {node: '>=20.0.0'}

  '@aws-sdk/token-providers@3.1100.0':
    resolution: {integrity: sha512-THf3MkgY3fNJZ3zdgSenLqR7gSE68KccCj1RCKretlG73Ppszvues02VpCUO9NlB/tZDC483FvGCld+AiPCkvg==}
    engines: {node: '>=20.0.0'}

  '@aws-sdk/types@3.974.2':
    resolution: {integrity: sha512-3W6IUtSxFbH6X7Wb7DzGCV5QiFQsd0g8bOfntpmDxQlzBoKWUMBu/JPQR0DwkE+Hpnxd6db1tXbOwdeHddG6cA==}
    engines: {node: '>=20.0.0'}

  '@aws-sdk/xml-builder@3.972.37':
    resolution: {integrity: sha512-zKq4HQum8JwDyEuyfuI4bbiAcU0KxP6qy+9PR/IsR92IyE/DaBAikzAS50tjxip4bqIIANpCcG+Yyj6CVhXupg==}
    engines: {node: '>=20.0.0'}

  '@aws/lambda-invoke-store@0.3.0':
    resolution: {integrity: sha512-sl4Bm6yiMNYrZKkqqDFWN0UfnWhlS8ivKxrYl+6t0gCLrqr8y3B2IqZZbFRkfaVVp7C/baApyh71P+LeE1A2sQ==}
    engines: {node: '>=18.0.0'}

  '@google-cloud/paginator@5.0.2':
    resolution: {integrity: sha512-DJS3s0OVH4zFDB1PzjxAsHqJT6sKVbRwwML0ZBP9PbU7Yebtu/7SWMRzvO2J3nUi9pRNITCfu4LJeooM2w4pjg==}
    engines: {node: '>=14.0.0'}

  '@google-cloud/projectify@4.0.0':
    resolution: {integrity: sha512-MmaX6HeSvyPbWGwFq7mXdo0uQZLGBYCwziiLIGq5JVX+/bdI3SAq6bP98trV5eTWfLuvsMcIC1YJOF2vfteLFA==}
    engines: {node: '>=14.0.0'}

  '@google-cloud/promisify@4.0.0':
    resolution: {integrity: sha512-Orxzlfb9c67A15cq2JQEyVc7wEsmFBmHjZWZYQMUyJ1qivXyMwdyNOs9odi79hze+2zqdTtu1E19IM/FtqZ10g==}
    engines: {node: '>=14'}

  '@google-cloud/storage@7.21.0':
    resolution: {integrity: sha512-l+IFTkd+6Y5LoAuXyYCKNAKtw/Ci+rAMqgdTB1jv4iZiLhw0rtq+0qjIRbBizXkNzEFmXiXUW0H7sZQQvk1ffA==}
    engines: {node: '>=14'}

  '@nodable/entities@3.0.0':
    resolution: {integrity: sha512-8L9xFeTYKhm49xfIypoe2W5wV1m/3Z58kT+7kR9A8OyFxcPduI4VmxaUMQyKYrRjUoLLSXv6EKKID5Tvj9cUVw==}

  '@smithy/abort-controller@4.3.3':
    resolution: {integrity: sha512-rQzc/M6ejh96yTAWk4tupBaQ3v+r4fS9W5sH6mXJlg9T195bIdPZC/mf6nn8J4MxFw6G2BezSMjmCiI84Vm+uw==}
    engines: {node: '>=18.0.0'}

  '@smithy/core@3.31.1':
    resolution: {integrity: sha512-CyogUINxvi7C7LDsh8Syo6hVJOT9ckz4rG8dRZfTJ8r91HkMY59PnNooaj7WcHyxEkxPfBAmbgztZU+xTo76lg==}
    engines: {node: '>=18.0.0'}

  '@smithy/credential-provider-imds@4.4.16':
    resolution: {integrity: sha512-QfuLWAkLzptffFW980AFeHZFdqds2B64rpEd3uJ6lgs3xVn9QegGMUgUcj+4d7dRrAsya3r58ZKpku97WcFb4w==}
    engines: {node: '>=18.0.0'}

  '@smithy/fetch-http-handler@5.6.13':
    resolution: {integrity: sha512-4fW86pEUOMbrD5nkbyl/tTvPHHWJFbuB2odl6ps9lWfHoXf9HWh3Q/Smh59qH1g7+c/BSZghX6bbUk4gsiMs8A==}
    engines: {node: '>=18.0.0'}

  '@smithy/middleware-endpoint@4.6.16':
    resolution: {integrity: sha512-nU2N3LY6Vn46rwga1+gZQJ1Zsu+3/Qj2X+d5gKb8gSvLmojZd0sg9XWYqMDH59VeadVKOGOhMrhyzUo7ln4lGw==}
    engines: {node: '>=18.0.0'}

  '@smithy/node-http-handler@4.9.13':
    resolution: {integrity: sha512-Nmd/Nl35zfYrd+a6OO2cDJb3GPh9bgTjIUhcM+JFfjpp8/osCgboDV5nCT1I01Pv6R13eSKDKLSoVa5ZB6Zsfw==}
    engines: {node: '>=18.0.0'}

  '@smithy/protocol-http@5.5.16':
    resolution: {integrity: sha512-iPaxIe9mTyidyhM6WF2/gSLPezyCwSlZcqlDBj2KCoSS994iw4yf1se1xmZkWsY98ZpwjDR/ZMubOSVx+Nrokw==}
    engines: {node: '>=18.0.0'}

  '@smithy/signature-v4@5.6.12':
    resolution: {integrity: sha512-I6KLtq3H0qqSuV9vLglfi8puHqzygzWHOnI4z/Rdoo+q50vvo18vBRdPAvvEtcaKROz7Zn6qnPa14kRfPH6PcQ==}
    engines: {node: '>=18.0.0'}

  '@smithy/smithy-client@4.14.16':
    resolution: {integrity: sha512-UzWzH88hntrIn1wMPlmt/6vmQL+FS+pYgqvBsp4QQdgt/DUFZZD0S0xRO7kCfAfz9fqn9boVb+buFWU4LD9PJg==}
    engines: {node: '>=18.0.0'}

  '@smithy/types@4.16.1':
    resolution: {integrity: sha512-0JFs3V2y2M9tKW5na/qxe69Zv+uxLMO7QBbhxF/FHu/Gp2NFZAAL9tWl9PU02xxo07pb3G9FTyjNc6D5uZrJIg==}
    engines: {node: '>=18.0.0'}

  '@tootallnate/once@2.0.1':
    resolution: {integrity: sha512-HqmEUIGRJ5fSXchkVgR5F7qn48bDBzv0kWj/Kfu5e6uci4UlEeng4331LnBkWffb++Ei3FOVLxo8JJWMFBDMeQ==}
    engines: {node: '>= 10'}

  '@types/caseless@0.12.5':
    resolution: {integrity: sha512-hWtVTC2q7hc7xZ/RLbxapMvDMgUnDvKvMOpKal4DrMyfGBUfB1oKaZlIRr6mJL+If3bAP6sV/QneGzF6tJjZDg==}

  '@types/node@20.19.43':
    resolution: {integrity: sha512-6oYBAi5ikg4Pl+kGsoYtawUMBT2zZMCvPNF7pVLnHZfd1zf38DRiWn/gT01RYCdUqkv7Fhr+C9ot4/tb+2sVvA==}

  '@types/request@2.48.13':
    resolution: {integrity: sha512-FGJ6udDNUCjd19pp0Q3iTiDkwhYup7J8hpMW9c4k53NrccQFFWKRho6hvtPPEhnXWKvukfwAlB6DbDz4yhH5Gg==}

  '@types/tough-cookie@4.0.5':
    resolution: {integrity: sha512-/Ad8+nIOV7Rl++6f1BdKxFSMgmoqEoYbHRpPcx3JEfv8VRsQe9Z4mCXeJBzxs7mbHY/XOZZuXlRNfhpVPbs6ZA==}

  '@types/uuid@9.0.8':
    resolution: {integrity: sha512-jg+97EGIcY9AGHJJRaaPVgetKDsrTgbRjQ5Msgjh/DQKEFl0DtyRr/VCOyD1T2R1MNeWPK/u7JoGhlDZnKBAfA==}

  abort-controller@3.0.0:
    resolution: {integrity: sha512-h8lQ8tacZYnR3vNQTgibj+tODHI5/+l06Au2Pcriv/Gmet0eaj4TwWH41sO9wnHDiQsEj19q0drzdWdeAHtweg==}
    engines: {node: '>=6.5'}

  agent-base@6.0.2:
    resolution: {integrity: sha512-RZNwNclF7+MS/8bDg70amg32dyeZGZxiDuQmZxKLAlQjr3jGyLx+4Kkk58UO7D2QdgFIQCovuSuZESne6RG6XQ==}
    engines: {node: '>= 6.0.0'}

  agent-base@7.1.4:
    resolution: {integrity: sha512-MnA+YT8fwfJPgBx3m60MNqakm30XOkyIoH1y6huTQvC0PwZG7ki8NacLBcrPbNoo8vEZy7Jpuk7+jMO+CUovTQ==}
    engines: {node: '>= 14'}

  anynum@1.0.1:
    resolution: {integrity: sha512-N6//FLET/tXYNM/F6ABca1oH6fWB+KlTt909Le28WMDBk8oaT4vY17DCrwg2MvmuqUKt3Ni4N5dGJ/EoBgcO6A==}

  arrify@2.0.1:
    resolution: {integrity: sha512-3duEwti880xqi4eAMN8AyR4a0ByT90zoYdLlevfrvU43vb0YZwZVfxOgxWrLXXXpyugL0hNZc9G6BiB5B3nUug==}
    engines: {node: '>=8'}

  async-retry@1.3.3:
    resolution: {integrity: sha512-wfr/jstw9xNi/0teMHrRW7dsz3Lt5ARhYNZ2ewpadnhaIp5mbALhOAP+EAdsC7t4Z6wqsDVv9+W6gm1Dk9mEyw==}

  asynckit@0.4.0:
    resolution: {integrity: sha512-Oei9OH4tRh0YqU3GxhX79dM/mwVgvbZJaSNaRk+bshkj0S5cfHcgYakreBjrHwatXKbz+IoIdYLxrKim2MjW0Q==}

  base64-js@1.5.1:
    resolution: {integrity: sha512-AKpaYlHn8t4SVbOHCy+b5+KKgvR4vrsD8vbvrbiQJps7fKDTkjkDry6ji0rUJjC0kzbNePLwzxq8iypo41qeWA==}

  bignumber.js@9.3.1:
    resolution: {integrity: sha512-Ko0uX15oIUS7wJ3Rb30Fs6SkVbLmPBAKdlm7q9+ak9bbIeFf0MwuBsQV6z7+X768/cHsfg+WlysDWJcmthjsjQ==}

  bowser@2.14.1:
    resolution: {integrity: sha512-tzPjzCxygAKWFOJP011oxFHs57HzIhOEracIgAePE4pqB3LikALKnSzUyU4MGs9/iCEUuHlAJTjTc5M+u7YEGg==}

  buffer-equal-constant-time@1.0.1:
    resolution: {integrity: sha512-zRpUiDwd/xk6ADqPMATG8vc9VPrkck7T07OIx0gnjmJAnHnTVXNQG3vfvWNuiZIkwu9KrKdA1iJKfsfTVxE6NA==}

  buffer@5.6.0:
    resolution: {integrity: sha512-/gDYp/UtU0eA1ys8bOs9J6a+E/KWIY+DZ+Q2WESNUA0jFRsJOc0SNUO6xJ5SGA1xueg3NL65W6s+NY5l9cunuw==}

  call-bind-apply-helpers@1.0.2:
    resolution: {integrity: sha512-Sp1ablJ0ivDkSzjcaJdxEunN5/XvksFJ2sMBFfq6x0ryhQV/2b/KwFe21cMpmHtPOSij8K99/wSfoEuTObmuMQ==}
    engines: {node: '>= 0.4'}

  combined-stream@1.0.8:
    resolution: {integrity: sha512-FQN4MRfuJeHf7cBbBMJFXhKSDq+2kAArBlmRBvcvFE5BB1HZKXtSFASDhdlz9zOYwxh8lDdnvmMOe/+5cdoEdg==}
    engines: {node: '>= 0.8'}

  debug@4.4.3:
    resolution: {integrity: sha512-RGwwWnwQvkVfavKVt22FGLw+xYSdzARwm0ru6DhTVA3umU5hZc28V3kO4stgYryrTlLpuvgI9GiijltAjNbcqA==}
    engines: {node: '>=6.0'}
    peerDependencies:
      supports-color: '*'
    peerDependenciesMeta:
      supports-color:
        optional: true

  delayed-stream@1.0.0:
    resolution: {integrity: sha512-ZySD7Nf91aLB0RxL4KGrKHBXl7Eds1DAmEdcoVawXnLD7SDhpNgtuII2aAkg7a7QS41jxPSZ17p4VdGnMHk3MQ==}
    engines: {node: '>=0.4.0'}

  dunder-proto@1.0.1:
    resolution: {integrity: sha512-KIN/nDJBQRcXw0MLVhZE9iQHmG68qAVIBg9CqmUYjmQIhgij9U5MFvrqkUL5FbtyyzZuOeOt0zdeRe4UY7ct+A==}
    engines: {node: '>= 0.4'}

  duplexify@4.1.3:
    resolution: {integrity: sha512-M3BmBhwJRZsSx38lZyhE53Csddgzl5R7xGJNk7CVddZD6CcmwMCH8J+7AprIrQKH7TonKxaCjcv27Qmf+sQ+oA==}

  ecdsa-sig-formatter@1.0.11:
    resolution: {integrity: sha512-nagl3RYrbNv6kQkeJIpt6NJZy8twLB/2vtz6yN9Z4vRKHN4/QZJIEbqohALSgwKdnksuY3k5Addp5lg8sVoVcQ==}

  end-of-stream@1.4.5:
    resolution: {integrity: sha512-ooEGc6HP26xXq/N+GCGOT0JKCLDGrq2bQUZrQ7gyrJiZANJ/8YDTxTpQBXGMn+WbIQXNVpyWymm7KYVICQnyOg==}

  es-define-property@1.0.1:
    resolution: {integrity: sha512-e3nRfgfUZ4rNGL232gUgX06QNyyez04KdjFrF+LTRoOXmrOgFKDg4BCdsjW8EnT69eqdYGmRpJwiPVYNrCaW3g==}
    engines: {node: '>= 0.4'}

  es-errors@1.3.0:
    resolution: {integrity: sha512-Zf5H2Kxt2xjTvbJvP2ZWLEICxA6j+hAmMzIlypy4xcBg1vKVnx89Wy0GbS+kf5cwCVFFzdCFh2XSCFNULS6csw==}
    engines: {node: '>= 0.4'}

  es-object-atoms@1.1.2:
    resolution: {integrity: sha512-HWcBoN6NileqtSydK2FqHbS/LoDd2pqrnQHLyJzBj4kOp/ky2MWMN694xOfkK8/SnUsW2DH7EfyVlydKCsm1Zw==}
    engines: {node: '>= 0.4'}

  es-set-tostringtag@2.1.0:
    resolution: {integrity: sha512-j6vWzfrGVfyXxge+O0x5sh6cvxAog0a/4Rdd2K36zCMV5eJ+/+tOAngRO8cODMNWbVRdVlmGZQL2YS3yR8bIUA==}
    engines: {node: '>= 0.4'}

  event-target-shim@5.0.1:
    resolution: {integrity: sha512-i/2XbnSz/uxRCU6+NdVJgKWDTM427+MqYbkQzD321DuCQJUqOuJKIA0IM2+W2xtYHdKOmZ4dR6fExsd4SXL+WQ==}
    engines: {node: '>=6'}

  events@3.3.0:
    resolution: {integrity: sha512-mQw+2fkQbALzQ7V0MY0IqdnXNOeTtP4r0lN9z7AAawCXgqea7bDii20AYrIBrFd/Hx0M2Ocz6S111CaFkUcb0Q==}
    engines: {node: '>=0.8.x'}

  extend@3.0.2:
    resolution: {integrity: sha512-fjquC59cD7CyW6urNXK0FBufkZcoiGG80wTuPujX590cB5Ttln20E2UB4S/WARVqhXffZl2LNgS+gQdPIIim/g==}

  fast-xml-builder@1.3.0:
    resolution: {integrity: sha512-F74cZEdCvuw9P41GAC3rod4X04jjWGM1JPEv/GWSqFTWLsdyMSBMBMlm9Hk3GLBgLBbdBNY8yee0pQh2RBVESQ==}

  fast-xml-parser@5.10.1:
    resolution: {integrity: sha512-IEMIf7298kXuZSRFoGfMYrl7is8LpavODgbNz1cwIudv7KwVFnuU+UsMporfq6PD6aXSlawZlARiA3UywCTfMw==}
    hasBin: true

  form-data@2.5.6:
    resolution: {integrity: sha512-Ogz/E85h9tlfJzpI6TuFpGcHZFhLrb9Gw8wq9v40CxSCPnv7ahKr6Xgtkn0KYCDQJ8DNn5VoMO8EXr9V5PadyA==}
    engines: {node: '>= 0.12'}

  function-bind@1.1.2:
    resolution: {integrity: sha512-7XHNxH7qX9xG5mIwxkhumTox/MIRNcOgDrxWsMt2pAr23WHp6MrRlN7FBSFpCpr+oVO0F744iUgR82nJMfG2SA==}

  gaxios@6.7.1:
    resolution: {integrity: sha512-LDODD4TMYx7XXdpwxAVRAIAuB0bzv0s+ywFonY46k126qzQHT9ygyoa9tncmOiQmmDrik65UYsEkv3lbfqQ3yQ==}
    engines: {node: '>=14'}

  gcp-metadata@6.1.1:
    resolution: {integrity: sha512-a4tiq7E0/5fTjxPAaH4jpjkSv/uCaU2p5KC6HVGrvl0cDjA8iBZv4vv1gyzlmK0ZUKqwpOyQMKzZQe3lTit77A==}
    engines: {node: '>=14'}

  get-intrinsic@1.3.0:
    resolution: {integrity: sha512-9fSjSaos/fRIVIp+xSJlE6lfwhES7LNtKaCBIamHsjr2na1BiABJPo0mOjjz8GJDURarmCPGqaiVg5mfjb98CQ==}
    engines: {node: '>= 0.4'}

  get-proto@1.0.1:
    resolution: {integrity: sha512-sTSfBjoXBp89JvIKIefqw7U2CCebsc74kiY6awiGogKtoSGbgjYE/G/+l9sF3MWFPNc9IcoOC4ODfKHfxFmp0g==}
    engines: {node: '>= 0.4'}

  google-auth-library@9.15.1:
    resolution: {integrity: sha512-Jb6Z0+nvECVz+2lzSMt9u98UsoakXxA2HGHMCxh+so3n90XgYWkq5dur19JAJV7ONiJY22yBTyJB1TSkvPq9Ng==}
    engines: {node: '>=14'}

  google-logging-utils@0.0.2:
    resolution: {integrity: sha512-NEgUnEcBiP5HrPzufUkBzJOD/Sxsco3rLNo1F1TNf7ieU8ryUzBhqba8r756CjLX7rn3fHl6iLEwPYuqpoKgQQ==}
    engines: {node: '>=14'}

  gopd@1.2.0:
    resolution: {integrity: sha512-ZUKRh6/kUFoAiTAtTYPZJ3hw9wNxx+BIBOijnlG9PnrJsCcSjs1wyyD6vJpaYtgnzDrKYRSqf3OO6Rfa93xsRg==}
    engines: {node: '>= 0.4'}

  gtoken@7.1.0:
    resolution: {integrity: sha512-pCcEwRi+TKpMlxAQObHDQ56KawURgyAf6jtIY046fJ5tIv3zDe/LEIubckAO8fj6JnAxLdmWkUfNyulQ2iKdEw==}
    engines: {node: '>=14.0.0'}

  has-symbols@1.1.0:
    resolution: {integrity: sha512-1cDNdwJ2Jaohmb3sg4OmKaMBwuC48sYni5HUw2DvsC8LjGTLK9h+eb1X6RyuOHe4hT0ULCW68iomhjUoKUqlPQ==}
    engines: {node: '>= 0.4'}

  has-tostringtag@1.0.2:
    resolution: {integrity: sha512-NqADB8VjPFLM2V0VvHUewwwsw0ZWBaIdgo+ieHtK3hasLz4qeCRjYcqfB6AQrBggRKppKF8L52/VqdVsO47Dlw==}
    engines: {node: '>= 0.4'}

  hasown@2.0.4:
    resolution: {integrity: sha512-T2UbfbBEF32wiepXIsMlTW9+dDYC6wMh/t/vYA4tuOMKqWz/n3vr1NFSxQiyP+zk2mXsoMA/i/7qV6LKut1t1A==}
    engines: {node: '>= 0.4'}

  html-entities@2.6.0:
    resolution: {integrity: sha512-kig+rMn/QOVRvr7c86gQ8lWXq+Hkv6CbAH1hLu+RG338StTpE8Z0b44SDVaqVu7HGKf27frdmUYEs9hTUX/cLQ==}

  http-proxy-agent@5.0.0:
    resolution: {integrity: sha512-n2hY8YdoRE1i7r6M0w9DIw5GgZN0G25P8zLCRQ8rjXtTU3vsNFBI/vWK/UIeE6g5MUUz6avwAPXmL6Fy9D/90w==}
    engines: {node: '>= 6'}

  https-proxy-agent@5.0.1:
    resolution: {integrity: sha512-dFcAjpTQFgoLMzC2VwU+C/CbS7uRL0lWmxDITmqm7C+7F0Odmj6s9l6alZc6AELXhrnggM2CeWSXHGOdX2YtwA==}
    engines: {node: '>= 6'}

  https-proxy-agent@7.0.6:
    resolution: {integrity: sha512-vK9P5/iUfdl95AI+JVyUuIcVtd4ofvtrOr3HNtM2yxC9bnMbEdp3x01OhQNnjb8IJYi38VlTE3mBXwcfvywuSw==}
    engines: {node: '>= 14'}

  ieee754@1.2.1:
    resolution: {integrity: sha512-dcyqhDvX1C46lXZcVqCpK+FtMRQVdIMN6/Df5js2zouUsqG7I6sFxitIC+7KYK29KdXOLHdu9zL4sFnoVQnqaA==}

  inherits@2.0.4:
    resolution: {integrity: sha512-k/vGaX4/Yla3WzyMCvTQOXYeIHvqOKtnqBduzTHpzpQZzAskKMhZ2K+EnBiSM9zGSoIFeMpXKxa4dYeZIQqewQ==}

  is-stream@2.0.1:
    resolution: {integrity: sha512-hFoiJiTl63nn+kstHGBtewWSKnQLpyb155KHheA1l39uvtO9nWIop1p3udqPcUd/xbF1VLMO4n7OI6p7RbngDg==}
    engines: {node: '>=8'}

  is-unsafe@2.0.0:
    resolution: {integrity: sha512-2LdV822R+wmI86unXA93WCFpL6g+av8ynWk0nrHyJqGop5VoocYsSLFgN8jrfalT6iGeLNM4KXuVSsULP53kEA==}

  json-bigint@1.0.0:
    resolution: {integrity: sha512-SiPv/8VpZuWbvLSMtTDU8hEfrZWg/mH/nV/b4o0CYbSxu1UIQPLdwKOCIyLQX+VIPO5vrLX3i8qtqFyhdPSUSQ==}

  jwa@2.0.1:
    resolution: {integrity: sha512-hRF04fqJIP8Abbkq5NKGN0Bbr3JxlQ+qhZufXVr0DvujKy93ZCbXZMHDL4EOtodSbCWxOqR8MS1tXA5hwqCXDg==}

  jws@4.0.1:
    resolution: {integrity: sha512-EKI/M/yqPncGUUh44xz0PxSidXFr/+r0pA70+gIYhjv+et7yxM+s29Y+VGDkovRofQem0fs7Uvf4+YmAdyRduA==}

  math-intrinsics@1.1.0:
    resolution: {integrity: sha512-/IXtbwEk5HTPyEwyKX6hGkYXxM9nbj64B+ilVJnC/R6B0pH5G4V3b0pVbL7DBj4tkhBAppbQUlf6F6Xl9LHu1g==}
    engines: {node: '>= 0.4'}

  mime-db@1.52.0:
    resolution: {integrity: sha512-sPU4uV7dYlvtWJxwwxHD0PuihVNiE7TyAbQ5SWxDCB9mUYvOgroQOwYQQOKPJ8CIbE+1ETVlOoK1UC2nU3gYvg==}
    engines: {node: '>= 0.6'}

  mime-types@2.1.35:
    resolution: {integrity: sha512-ZDY+bPm5zTTF+YpCrAU9nK0UgICYPT0QtT1NZWFv4s++TNkcgVaT0g6+4R2uI4MjQjzysHB1zxuWL50hzaeXiw==}
    engines: {node: '>= 0.6'}

  mime@3.0.0:
    resolution: {integrity: sha512-jSCU7/VB1loIWBZe14aEYHU/+1UMEHoaO7qxCOVJOw9GgH72VAWppxNcjU+x9a2k3GSIBXNKxXQFqRvvZ7vr3A==}
    engines: {node: '>=10.0.0'}
    hasBin: true

  ms@2.1.3:
    resolution: {integrity: sha512-6FlzubTLZG3J2a/NVCAleEhjzq5oxgHyaCU9yYXvcLsvoVaHJq/s5xXI6/XXP6tz7R9xAOtHnSO/tXtF3WRTlA==}

  node-fetch@2.7.0:
    resolution: {integrity: sha512-c4FRfUm/dbcWZ7U+1Wq0AwCyFL+3nt2bEw05wfxSz+DWpWsitgmSgYmy2dQdWyKC1694ELPqMs/YzUSNozLt8A==}
    engines: {node: 4.x || >=6.0.0}
    peerDependencies:
      encoding: ^0.1.0
    peerDependenciesMeta:
      encoding:
        optional: true

  once@1.4.0:
    resolution: {integrity: sha512-lNaJgI+2Q5URQBkccEKHTQOPaXdUxnZZElQTZY0MFUAuaEqe1E+Nyvgdz/aIyNi6Z9MzO5dv1H8n58/GELp3+w==}

  p-limit@3.1.0:
    resolution: {integrity: sha512-TYOanM3wGwNGsZN2cVTYPArw454xnXj5qmWF1bEoAc4+cU/ol7GVh7odevjp1FNHduHc3KZMcFduxU5Xc6uJRQ==}
    engines: {node: '>=10'}

  path-expression-matcher@1.6.2:
    resolution: {integrity: sha512-enSlaiat05iasnzmgNxRj8reFdj3puY2QpNgP1aPIaVfT6nn9ICuPoFlKHk8EN22HcwewshO+mN2DGbkCEOtqQ==}
    engines: {node: '>=14.0.0'}

  readable-stream@3.6.2:
    resolution: {integrity: sha512-9u/sniCrY3D5WdsERHzHE4G2YCXqoG5FTHUiCC4SIbr6XcLZBY05ya9EKjYek9O5xOAwjGq+1JdGBAS7Q9ScoA==}
    engines: {node: '>= 6'}

  retry-request@7.0.2:
    resolution: {integrity: sha512-dUOvLMJ0/JJYEn8NrpOaGNE7X3vpI5XlZS/u0ANjqtcZVKnIxP7IgCFwrKTxENw29emmwug53awKtaMm4i9g5w==}
    engines: {node: '>=14'}

  retry@0.13.1:
    resolution: {integrity: sha512-XQBQ3I8W1Cge0Seh+6gjj03LbmRFWuoszgK9ooCpwYIrhhoO80pfq4cUkU5DkknwfOfFteRwlZ56PYOGYyFWdg==}
    engines: {node: '>= 4'}

  safe-buffer@5.2.1:
    resolution: {integrity: sha512-rp3So07KcdmmKbGvgaNxQSJr7bGVSVk5S9Eq1F+ppbRo70+YeaDxkw5Dd8NPN+GD6bjnYm2VuPuCXmpuYvmCXQ==}

  stream-browserify@3.0.0:
    resolution: {integrity: sha512-H73RAHsVBapbim0tU2JwwOiXUj+fikfiaoYAKHF3VJfA0pe2BCzkhAHBlLG6REzE+2WNZcxOXjK7lkso+9euLA==}

  stream-events@1.0.5:
    resolution: {integrity: sha512-E1GUzBSgvct8Jsb3v2X15pjzN1tYebtbLaMg+eBOUOAxgbLoSbT2NS91ckc5lJD1KfLjId+jXJRgo0qnV5Nerg==}

  stream-shift@1.0.3:
    resolution: {integrity: sha512-76ORR0DO1o1hlKwTbi/DM3EXWGf3ZJYO8cXX5RJwnul2DEg2oyoZyjLNoQM8WsvZiFKCRfC1O0J7iCvie3RZmQ==}

  string_decoder@1.3.0:
    resolution: {integrity: sha512-hkRX8U1WjJFd8LsDJ2yQ/wWWxaopEsABU1XfkM8A+j0+85JAGppt16cr1Whg6KIbb4okU6Mql6BOj+uup/wKeA==}

  strnum@2.4.1:
    resolution: {integrity: sha512-M9eUSMT2dCB2cTNPG7UYj6KuK7RJR2SN2+yCV/fTW3xzTCS6EaGZ5pSMgDIjB7r8zSfTGk+dvvn9rTjpVS9Mwg==}

  stubs@3.0.0:
    resolution: {integrity: sha512-PdHt7hHUJKxvTCgbKX9C1V/ftOcjJQgz8BZwNfV5c4B6dcGqlpelTbJ999jBGZ2jYiPAwcX5dP6oBwVlBlUbxw==}

  teeny-request@9.0.0:
    resolution: {integrity: sha512-resvxdc6Mgb7YEThw6G6bExlXKkv6+YbuzGg9xuXxSgxJF7Ozs+o8Y9+2R3sArdWdW8nOokoQb1yrpFB0pQK2g==}
    engines: {node: '>=14'}

  tr46@0.0.3:
    resolution: {integrity: sha512-N3WMsuqV66lT30CrXNbEjx4GEwlow3v6rr4mCcv6prnfwhS01rkgyFdjPNBYd9br7LpXV1+Emh01fHnq2Gdgrw==}

  tslib@2.8.1:
    resolution: {integrity: sha512-oJFu94HQb+KVduSUQL7wnpmqnfmLsOA/nAh6b6EH0wCEoK0/mPeXU6c3wKDV83MkOuHPRHtSXKKU99IBazS/2w==}

  typescript@5.9.3:
    resolution: {integrity: sha512-jl1vZzPDinLr9eUt3J/t7V6FgNEw9QjvBPdysz9KfQDD41fQrC2Y4vKQdiaUpFT4bXlb1RHhLpp8wtm6M5TgSw==}
    engines: {node: '>=14.17'}
    hasBin: true

  undici-types@6.21.0:
    resolution: {integrity: sha512-iwDZqg0QAGrg9Rav5H4n0M64c3mkR59cJ6wQp+7C4nI0gsmExaedaYLNO44eT4AtBBwjbTiGPMlt2Md0T9H9JQ==}

  util-deprecate@1.0.2:
    resolution: {integrity: sha512-EPD5q1uXyFxJpCrLnCc1nHnq3gOa6DZBocAIiI2TaSCA7VCJ1UJDMagCzIkXNsUYfD1daK//LTEQ8xiIbrHtcw==}

  uuid@11.1.1:
    resolution: {integrity: sha512-vIYxrBCC/N/K+Js3qSN88go7kIfNPssr/hHCesKCQNAjmgvYS2oqr69kIufEG+O4+PfezOH4EbIeHCfFov8ZgQ==}
    hasBin: true

  webidl-conversions@3.0.1:
    resolution: {integrity: sha512-2JAn3z8AR6rjK8Sm8orRC0h/bcl/DqL7tRPdGZ4I1CjdF+EaMLmYxBHyXuKL849eucPFhvBoxMsflfOb8kxaeQ==}

  whatwg-url@5.0.0:
    resolution: {integrity: sha512-saE57nupxk6v3HY35+jzBwYa0rKSy0XR8JSxZPwgLr7ys0IBzhGviA1/TUGJLmSVqs8pb9AnvICXEuOHLprYTw==}

  wrappy@1.0.2:
    resolution: {integrity: sha512-l4Sp/DRseor9wL6EvV2+TuQn63dMkPjZ/sp9XkghTEbV9KlPS1xUsZ3u7/IQO4wxtcFB4bgpQPRcR3QCvezPcQ==}

  xml-naming@0.3.0:
    resolution: {integrity: sha512-ghig2TBE/H11aOVgmahA3MhimvkBr6JIYknH/Dhdk10nXwdbIqBJsbfMxpvFPG8bAw77gN29aQWvKpmVoPlvPQ==}
    engines: {node: '>=16.0.0'}

  yocto-queue@0.1.0:
    resolution: {integrity: sha512-rVksvsnNCdJ/ohGc6xgPwyN8eheCxsiLM8mxuE/t/mOVqJewPuO1miLpTHQiRgTKCLexL4MeAFVagts7HmNZ2Q==}
    engines: {node: '>=10'}

snapshots:

  '@aws-sdk/checksums@3.1000.24':
    dependencies:
      '@aws-sdk/core': 3.977.4
      '@aws-sdk/types': 3.974.2
      '@smithy/core': 3.31.1
      '@smithy/types': 4.16.1
      tslib: 2.8.1

  '@aws-sdk/client-s3@3.1101.0':
    dependencies:
      '@aws-sdk/checksums': 3.1000.24
      '@aws-sdk/core': 3.977.4
      '@aws-sdk/credential-provider-node': 3.972.76
      '@aws-sdk/middleware-sdk-s3': 3.972.70
      '@aws-sdk/signature-v4-multi-region': 3.996.43
      '@aws-sdk/types': 3.974.2
      '@smithy/core': 3.31.1
      '@smithy/fetch-http-handler': 5.6.13
      '@smithy/node-http-handler': 4.9.13
      '@smithy/types': 4.16.1
      tslib: 2.8.1

  '@aws-sdk/core@3.977.4':
    dependencies:
      '@aws-sdk/types': 3.974.2
      '@aws-sdk/xml-builder': 3.972.37
      '@aws/lambda-invoke-store': 0.3.0
      '@smithy/core': 3.31.1
      '@smithy/signature-v4': 5.6.12
      '@smithy/types': 4.16.1
      bowser: 2.14.1
      tslib: 2.8.1

  '@aws-sdk/credential-provider-env@3.972.65':
    dependencies:
      '@aws-sdk/core': 3.977.4
      '@aws-sdk/types': 3.974.2
      '@smithy/core': 3.31.1
      '@smithy/types': 4.16.1
      tslib: 2.8.1

  '@aws-sdk/credential-provider-http@3.972.67':
    dependencies:
      '@aws-sdk/core': 3.977.4
      '@aws-sdk/types': 3.974.2
      '@smithy/core': 3.31.1
      '@smithy/fetch-http-handler': 5.6.13
      '@smithy/node-http-handler': 4.9.13
      '@smithy/types': 4.16.1
      tslib: 2.8.1

  '@aws-sdk/credential-provider-ini@3.973.10':
    dependencies:
      '@aws-sdk/core': 3.977.4
      '@aws-sdk/credential-provider-env': 3.972.65
      '@aws-sdk/credential-provider-http': 3.972.67
      '@aws-sdk/credential-provider-login': 3.972.72
      '@aws-sdk/credential-provider-process': 3.972.65
      '@aws-sdk/credential-provider-sso': 3.973.9
      '@aws-sdk/credential-provider-web-identity': 3.972.71
      '@aws-sdk/nested-clients': 3.997.39
      '@aws-sdk/types': 3.974.2
      '@smithy/core': 3.31.1
      '@smithy/credential-provider-imds': 4.4.16
      '@smithy/types': 4.16.1
      tslib: 2.8.1

  '@aws-sdk/credential-provider-login@3.972.72':
    dependencies:
      '@aws-sdk/core': 3.977.4
      '@aws-sdk/nested-clients': 3.997.39
      '@aws-sdk/types': 3.974.2
      '@smithy/core': 3.31.1
      '@smithy/types': 4.16.1
      tslib: 2.8.1

  '@aws-sdk/credential-provider-node@3.972.76':
    dependencies:
      '@aws-sdk/credential-provider-env': 3.972.65
      '@aws-sdk/credential-provider-http': 3.972.67
      '@aws-sdk/credential-provider-ini': 3.973.10
      '@aws-sdk/credential-provider-process': 3.972.65
      '@aws-sdk/credential-provider-sso': 3.973.9
      '@aws-sdk/credential-provider-web-identity': 3.972.71
      '@aws-sdk/types': 3.974.2
      '@smithy/core': 3.31.1
      '@smithy/credential-provider-imds': 4.4.16
      '@smithy/types': 4.16.1
      tslib: 2.8.1

  '@aws-sdk/credential-provider-process@3.972.65':
    dependencies:
      '@aws-sdk/core': 3.977.4
      '@aws-sdk/types': 3.974.2
      '@smithy/core': 3.31.1
      '@smithy/types': 4.16.1
      tslib: 2.8.1

  '@aws-sdk/credential-provider-sso@3.973.9':
    dependencies:
      '@aws-sdk/core': 3.977.4
      '@aws-sdk/nested-clients': 3.997.39
      '@aws-sdk/token-providers': 3.1100.0
      '@aws-sdk/types': 3.974.2
      '@smithy/core': 3.31.1
      '@smithy/types': 4.16.1
      tslib: 2.8.1

  '@aws-sdk/credential-provider-web-identity@3.972.71':
    dependencies:
      '@aws-sdk/core': 3.977.4
      '@aws-sdk/nested-clients': 3.997.39
      '@aws-sdk/types': 3.974.2
      '@smithy/core': 3.31.1
      '@smithy/types': 4.16.1
      tslib: 2.8.1

  '@aws-sdk/lib-storage@3.1017.0(@aws-sdk/client-s3@3.1101.0)':
    dependencies:
      '@aws-sdk/client-s3': 3.1101.0
      '@smithy/abort-controller': 4.3.3
      '@smithy/middleware-endpoint': 4.6.16
      '@smithy/protocol-http': 5.5.16
      '@smithy/smithy-client': 4.14.16
      '@smithy/types': 4.16.1
      buffer: 5.6.0
      events: 3.3.0
      stream-browserify: 3.0.0
      tslib: 2.8.1

  '@aws-sdk/middleware-sdk-s3@3.972.70':
    dependencies:
      '@aws-sdk/core': 3.977.4
      '@aws-sdk/signature-v4-multi-region': 3.996.43
      '@aws-sdk/types': 3.974.2
      '@smithy/core': 3.31.1
      '@smithy/types': 4.16.1
      tslib: 2.8.1

  '@aws-sdk/nested-clients@3.997.39':
    dependencies:
      '@aws-sdk/core': 3.977.4
      '@aws-sdk/signature-v4-multi-region': 3.996.43
      '@aws-sdk/types': 3.974.2
      '@smithy/core': 3.31.1
      '@smithy/fetch-http-handler': 5.6.13
      '@smithy/node-http-handler': 4.9.13
      '@smithy/types': 4.16.1
      tslib: 2.8.1

  '@aws-sdk/s3-request-presigner@3.1101.0':
    dependencies:
      '@aws-sdk/core': 3.977.4
      '@aws-sdk/signature-v4-multi-region': 3.996.43
      '@aws-sdk/types': 3.974.2
      '@smithy/core': 3.31.1
      '@smithy/types': 4.16.1
      tslib: 2.8.1

  '@aws-sdk/signature-v4-multi-region@3.996.43':
    dependencies:
      '@aws-sdk/types': 3.974.2
      '@smithy/signature-v4': 5.6.12
      '@smithy/types': 4.16.1
      tslib: 2.8.1

  '@aws-sdk/token-providers@3.1100.0':
    dependencies:
      '@aws-sdk/core': 3.977.4
      '@aws-sdk/nested-clients': 3.997.39
      '@aws-sdk/types': 3.974.2
      '@smithy/core': 3.31.1
      '@smithy/types': 4.16.1
      tslib: 2.8.1

  '@aws-sdk/types@3.974.2':
    dependencies:
      '@smithy/types': 4.16.1
      tslib: 2.8.1

  '@aws-sdk/xml-builder@3.972.37':
    dependencies:
      '@smithy/types': 4.16.1
      tslib: 2.8.1

  '@aws/lambda-invoke-store@0.3.0': {}

  '@google-cloud/paginator@5.0.2':
    dependencies:
      arrify: 2.0.1
      extend: 3.0.2

  '@google-cloud/projectify@4.0.0': {}

  '@google-cloud/promisify@4.0.0': {}

  '@google-cloud/storage@7.21.0':
    dependencies:
      '@google-cloud/paginator': 5.0.2
      '@google-cloud/projectify': 4.0.0
      '@google-cloud/promisify': 4.0.0
      abort-controller: 3.0.0
      async-retry: 1.3.3
      duplexify: 4.1.3
      fast-xml-parser: 5.10.1
      gaxios: 6.7.1
      google-auth-library: 9.15.1
      html-entities: 2.6.0
      mime: 3.0.0
      p-limit: 3.1.0
      retry-request: 7.0.2
      teeny-request: 9.0.0
    transitivePeerDependencies:
      - encoding
      - supports-color

  '@nodable/entities@3.0.0': {}

  '@smithy/abort-controller@4.3.3':
    dependencies:
      '@smithy/types': 4.16.1
      tslib: 2.8.1

  '@smithy/core@3.31.1':
    dependencies:
      '@smithy/types': 4.16.1
      tslib: 2.8.1

  '@smithy/credential-provider-imds@4.4.16':
    dependencies:
      '@smithy/core': 3.31.1
      '@smithy/types': 4.16.1
      tslib: 2.8.1

  '@smithy/fetch-http-handler@5.6.13':
    dependencies:
      '@smithy/core': 3.31.1
      '@smithy/types': 4.16.1
      tslib: 2.8.1

  '@smithy/middleware-endpoint@4.6.16':
    dependencies:
      '@smithy/core': 3.31.1
      tslib: 2.8.1

  '@smithy/node-http-handler@4.9.13':
    dependencies:
      '@smithy/core': 3.31.1
      '@smithy/types': 4.16.1
      tslib: 2.8.1

  '@smithy/protocol-http@5.5.16':
    dependencies:
      '@smithy/core': 3.31.1
      tslib: 2.8.1

  '@smithy/signature-v4@5.6.12':
    dependencies:
      '@smithy/core': 3.31.1
      '@smithy/types': 4.16.1
      tslib: 2.8.1

  '@smithy/smithy-client@4.14.16':
    dependencies:
      '@smithy/core': 3.31.1
      '@smithy/types': 4.16.1
      tslib: 2.8.1

  '@smithy/types@4.16.1':
    dependencies:
      tslib: 2.8.1

  '@tootallnate/once@2.0.1': {}

  '@types/caseless@0.12.5': {}

  '@types/node@20.19.43':
    dependencies:
      undici-types: 6.21.0

  '@types/request@2.48.13':
    dependencies:
      '@types/caseless': 0.12.5
      '@types/node': 20.19.43
      '@types/tough-cookie': 4.0.5
      form-data: 2.5.6

  '@types/tough-cookie@4.0.5': {}

  '@types/uuid@9.0.8': {}

  abort-controller@3.0.0:
    dependencies:
      event-target-shim: 5.0.1

  agent-base@6.0.2:
    dependencies:
      debug: 4.4.3
    transitivePeerDependencies:
      - supports-color

  agent-base@7.1.4: {}

  anynum@1.0.1: {}

  arrify@2.0.1: {}

  async-retry@1.3.3:
    dependencies:
      retry: 0.13.1

  asynckit@0.4.0: {}

  base64-js@1.5.1: {}

  bignumber.js@9.3.1: {}

  bowser@2.14.1: {}

  buffer-equal-constant-time@1.0.1: {}

  buffer@5.6.0:
    dependencies:
      base64-js: 1.5.1
      ieee754: 1.2.1

  call-bind-apply-helpers@1.0.2:
    dependencies:
      es-errors: 1.3.0
      function-bind: 1.1.2

  combined-stream@1.0.8:
    dependencies:
      delayed-stream: 1.0.0

  debug@4.4.3:
    dependencies:
      ms: 2.1.3

  delayed-stream@1.0.0: {}

  dunder-proto@1.0.1:
    dependencies:
      call-bind-apply-helpers: 1.0.2
      es-errors: 1.3.0
      gopd: 1.2.0

  duplexify@4.1.3:
    dependencies:
      end-of-stream: 1.4.5
      inherits: 2.0.4
      readable-stream: 3.6.2
      stream-shift: 1.0.3

  ecdsa-sig-formatter@1.0.11:
    dependencies:
      safe-buffer: 5.2.1

  end-of-stream@1.4.5:
    dependencies:
      once: 1.4.0

  es-define-property@1.0.1: {}

  es-errors@1.3.0: {}

  es-object-atoms@1.1.2:
    dependencies:
      es-errors: 1.3.0

  es-set-tostringtag@2.1.0:
    dependencies:
      es-errors: 1.3.0
      get-intrinsic: 1.3.0
      has-tostringtag: 1.0.2
      hasown: 2.0.4

  event-target-shim@5.0.1: {}

  events@3.3.0: {}

  extend@3.0.2: {}

  fast-xml-builder@1.3.0:
    dependencies:
      path-expression-matcher: 1.6.2
      xml-naming: 0.3.0

  fast-xml-parser@5.10.1:
    dependencies:
      '@nodable/entities': 3.0.0
      fast-xml-builder: 1.3.0
      is-unsafe: 2.0.0
      path-expression-matcher: 1.6.2
      strnum: 2.4.1
      xml-naming: 0.3.0

  form-data@2.5.6:
    dependencies:
      asynckit: 0.4.0
      combined-stream: 1.0.8
      es-set-tostringtag: 2.1.0
      hasown: 2.0.4
      mime-types: 2.1.35
      safe-buffer: 5.2.1

  function-bind@1.1.2: {}

  gaxios@6.7.1:
    dependencies:
      extend: 3.0.2
      https-proxy-agent: 7.0.6
      is-stream: 2.0.1
      node-fetch: 2.7.0
      uuid: 11.1.1
    transitivePeerDependencies:
      - encoding
      - supports-color

  gcp-metadata@6.1.1:
    dependencies:
      gaxios: 6.7.1
      google-logging-utils: 0.0.2
      json-bigint: 1.0.0
    transitivePeerDependencies:
      - encoding
      - supports-color

  get-intrinsic@1.3.0:
    dependencies:
      call-bind-apply-helpers: 1.0.2
      es-define-property: 1.0.1
      es-errors: 1.3.0
      es-object-atoms: 1.1.2
      function-bind: 1.1.2
      get-proto: 1.0.1
      gopd: 1.2.0
      has-symbols: 1.1.0
      hasown: 2.0.4
      math-intrinsics: 1.1.0

  get-proto@1.0.1:
    dependencies:
      dunder-proto: 1.0.1
      es-object-atoms: 1.1.2

  google-auth-library@9.15.1:
    dependencies:
      base64-js: 1.5.1
      ecdsa-sig-formatter: 1.0.11
      gaxios: 6.7.1
      gcp-metadata: 6.1.1
      gtoken: 7.1.0
      jws: 4.0.1
    transitivePeerDependencies:
      - encoding
      - supports-color

  google-logging-utils@0.0.2: {}

  gopd@1.2.0: {}

  gtoken@7.1.0:
    dependencies:
      gaxios: 6.7.1
      jws: 4.0.1
    transitivePeerDependencies:
      - encoding
      - supports-color

  has-symbols@1.1.0: {}

  has-tostringtag@1.0.2:
    dependencies:
      has-symbols: 1.1.0

  hasown@2.0.4:
    dependencies:
      function-bind: 1.1.2

  html-entities@2.6.0: {}

  http-proxy-agent@5.0.0:
    dependencies:
      '@tootallnate/once': 2.0.1
      agent-base: 6.0.2
      debug: 4.4.3
    transitivePeerDependencies:
      - supports-color

  https-proxy-agent@5.0.1:
    dependencies:
      agent-base: 6.0.2
      debug: 4.4.3
    transitivePeerDependencies:
      - supports-color

  https-proxy-agent@7.0.6:
    dependencies:
      agent-base: 7.1.4
      debug: 4.4.3
    transitivePeerDependencies:
      - supports-color

  ieee754@1.2.1: {}

  inherits@2.0.4: {}

  is-stream@2.0.1: {}

  is-unsafe@2.0.0: {}

  json-bigint@1.0.0:
    dependencies:
      bignumber.js: 9.3.1

  jwa@2.0.1:
    dependencies:
      buffer-equal-constant-time: 1.0.1
      ecdsa-sig-formatter: 1.0.11
      safe-buffer: 5.2.1

  jws@4.0.1:
    dependencies:
      jwa: 2.0.1
      safe-buffer: 5.2.1

  math-intrinsics@1.1.0: {}

  mime-db@1.52.0: {}

  mime-types@2.1.35:
    dependencies:
      mime-db: 1.52.0

  mime@3.0.0: {}

  ms@2.1.3: {}

  node-fetch@2.7.0:
    dependencies:
      whatwg-url: 5.0.0

  once@1.4.0:
    dependencies:
      wrappy: 1.0.2

  p-limit@3.1.0:
    dependencies:
      yocto-queue: 0.1.0

  path-expression-matcher@1.6.2: {}

  readable-stream@3.6.2:
    dependencies:
      inherits: 2.0.4
      string_decoder: 1.3.0
      util-deprecate: 1.0.2

  retry-request@7.0.2:
    dependencies:
      '@types/request': 2.48.13
      extend: 3.0.2
      teeny-request: 9.0.0
    transitivePeerDependencies:
      - encoding
      - supports-color

  retry@0.13.1: {}

  safe-buffer@5.2.1: {}

  stream-browserify@3.0.0:
    dependencies:
      inherits: 2.0.4
      readable-stream: 3.6.2

  stream-events@1.0.5:
    dependencies:
      stubs: 3.0.0

  stream-shift@1.0.3: {}

  string_decoder@1.3.0:
    dependencies:
      safe-buffer: 5.2.1

  strnum@2.4.1:
    dependencies:
      anynum: 1.0.1

  stubs@3.0.0: {}

  teeny-request@9.0.0:
    dependencies:
      http-proxy-agent: 5.0.0
      https-proxy-agent: 5.0.1
      node-fetch: 2.7.0
      stream-events: 1.0.5
      uuid: 11.1.1
    transitivePeerDependencies:
      - encoding
      - supports-color

  tr46@0.0.3: {}

  tslib@2.8.1: {}

  typescript@5.9.3: {}

  undici-types@6.21.0: {}

  util-deprecate@1.0.2: {}

  uuid@11.1.1: {}

  webidl-conversions@3.0.1: {}

  whatwg-url@5.0.0:
    dependencies:
      tr46: 0.0.3
      webidl-conversions: 3.0.1

  wrappy@1.0.2: {}

  xml-naming@0.3.0: {}

  yocto-queue@0.1.0: {}
